
Microsoft Visual Studio Solution File, Format Version 12.00
# Visual Studio Version 16
VisualStudioVersion = 16.0.30413.136
MinimumVisualStudioVersion = 10.0.40219.1
Project("{FAE04EC0-301F-11D3-BF4B-00C04F79EFBC}") = "TP 4 PROGRAMACION 3", "TP 4 PROGRAMACION 3\TP 4 PROGRAMACION 3.csproj", "{F6550B2C-C5DC-474B-9555-080336C391BE}"
EndProject
Global
	GlobalSection(SolutionConfigurationPlatforms) = preSolution
		Debug|Any CPU = Debug|Any CPU
		Release|Any CPU = Release|Any CPU
	EndGlobalSection
	GlobalSection(ProjectConfigurationPlatforms) = postSolution
		{F6550B2C-C5DC-474B-9555-080336C391BE}.Debug|Any CPU.ActiveCfg = Debug|Any CPU
		{F6550B2C-C5DC-474B-9555-080336C391BE}.Debug|Any CPU.Build.0 = Debug|Any CPU
		{F6550B2C-C5DC-474B-9555-080336C391BE}.Release|Any CPU.ActiveCfg = Release|Any CPU
		{F6550B2C-C5DC-474B-9555-080336C391BE}.Release|Any CPU.Build.0 = Release|Any CPU
	EndGlobalSection
	GlobalSection(SolutionProperties) = preSolution
		HideSolutionNode = FALSE
	EndGlobalSection
	GlobalSection(ExtensibilityGlobals) = postSolution
		SolutionGuid = {8A2165C7-F251-4976-AE46-34E4457A86A8}
	EndGlobalSection
EndGlobal
